// !$*UTF8*$!
{
	archiveVersion = 1;
	classes = {
	};
	objectVersion = 51;
	objects = {

/* Begin PBXBuildFile section */
		7637693F6E8BA93ED2B8FFD0 /* Pods_Hwahae_HwahaeUITests.framework in Frameworks */ = {isa = PBXBuildFile; fileRef = 6E1D2E82510C89AD256E2452 /* Pods_Hwahae_HwahaeUITests.framework */; };
		BC0EB5FF6AA4B8A410ADB17B /* Pods_Hwahae.framework in Frameworks */ = {isa = PBXBuildFile; fileRef = 2222DB74DD27B92B59FCFBB8 /* Pods_Hwahae.framework */; };
		DD087CBF23C6FFA900B8CEB8 /* UIApplication+Statusbar.swift in Sources */ = {isa = PBXBuildFile; fileRef = DD087CBE23C6FFA900B8CEB8 /* UIApplication+Statusbar.swift */; };
		DD087CC923C719AF00B8CEB8 /* ProductListCell.swift in Sources */ = {isa = PBXBuildFile; fileRef = DD087CC823C719AF00B8CEB8 /* ProductListCell.swift */; };
		DD087CCB23C71BCD00B8CEB8 /* Indicator.swift in Sources */ = {isa = PBXBuildFile; fileRef = DD087CCA23C71BCD00B8CEB8 /* Indicator.swift */; };
		DD087CCD23C722CE00B8CEB8 /* Animations.swift in Sources */ = {isa = PBXBuildFile; fileRef = DD087CCC23C722CE00B8CEB8 /* Animations.swift */; };
		DD260D0023D47F5400A98E40 /* DetailViewController.swift in Sources */ = {isa = PBXBuildFile; fileRef = DD260CFF23D47F5400A98E40 /* DetailViewController.swift */; };
		DD31286623C83DDA00B85B46 /* ProductsNetwork.swift in Sources */ = {isa = PBXBuildFile; fileRef = DD31286523C83DDA00B85B46 /* ProductsNetwork.swift */; };
		DD31286823C83E0000B85B46 /* ProductNetworkImpl.swift in Sources */ = {isa = PBXBuildFile; fileRef = DD31286723C83E0000B85B46 /* ProductNetworkImpl.swift */; };
		DD31286B23C83F3A00B85B46 /* Product.swift in Sources */ = {isa = PBXBuildFile; fileRef = DD31286A23C83F3A00B85B46 /* Product.swift */; };
		DD31286D23C840DF00B85B46 /* ProductResponse.swift in Sources */ = {isa = PBXBuildFile; fileRef = DD31286C23C840DF00B85B46 /* ProductResponse.swift */; };
		DD31286F23C8413D00B85B46 /* Enums.swift in Sources */ = {isa = PBXBuildFile; fileRef = DD31286E23C8413D00B85B46 /* Enums.swift */; };
		DD31287223C84C3400B85B46 /* Reactive+UIViewController.swift in Sources */ = {isa = PBXBuildFile; fileRef = DD31287123C84C3400B85B46 /* Reactive+UIViewController.swift */; };
		DD31287423C84E3600B85B46 /* String+Utils.swift in Sources */ = {isa = PBXBuildFile; fileRef = DD31287323C84E3600B85B46 /* String+Utils.swift */; };
		DD31287A23C85EC000B85B46 /* ProductListHeader.swift in Sources */ = {isa = PBXBuildFile; fileRef = DD31287923C85EC000B85B46 /* ProductListHeader.swift */; };
		DD6C808F23C2C29C004AD177 /* AppDelegate.swift in Sources */ = {isa = PBXBuildFile; fileRef = DD6C808E23C2C29C004AD177 /* AppDelegate.swift */; };
		DD6C809323C2C29C004AD177 /* ViewController.swift in Sources */ = {isa = PBXBuildFile; fileRef = DD6C809223C2C29C004AD177 /* ViewController.swift */; };
		DD6C809823C2C29D004AD177 /* Assets.xcassets in Resources */ = {isa = PBXBuildFile; fileRef = DD6C809723C2C29D004AD177 /* Assets.xcassets */; };
		DD6C809B23C2C29D004AD177 /* LaunchScreen.storyboard in Resources */ = {isa = PBXBuildFile; fileRef = DD6C809923C2C29D004AD177 /* LaunchScreen.storyboard */; };
		DD6C80A623C2C29E004AD177 /* HwahaeTests.swift in Sources */ = {isa = PBXBuildFile; fileRef = DD6C80A523C2C29E004AD177 /* HwahaeTests.swift */; };
		DD6C80B123C2C29E004AD177 /* HwahaeUITests.swift in Sources */ = {isa = PBXBuildFile; fileRef = DD6C80B023C2C29E004AD177 /* HwahaeUITests.swift */; };
		DD6C80C723C2C840004AD177 /* SceneDelegate.swift in Sources */ = {isa = PBXBuildFile; fileRef = DD6C80C623C2C840004AD177 /* SceneDelegate.swift */; };
		DDD3915323D49A6E001A70A6 /* DetailViewModel.swift in Sources */ = {isa = PBXBuildFile; fileRef = DDD3915223D49A6E001A70A6 /* DetailViewModel.swift */; };
		DDD3915523D49A7C001A70A6 /* DetailModel.swift in Sources */ = {isa = PBXBuildFile; fileRef = DDD3915423D49A7C001A70A6 /* DetailModel.swift */; };
		DDF1043923CC456E003966CC /* UICollectionView+Utils.swift in Sources */ = {isa = PBXBuildFile; fileRef = DDF1043823CC456E003966CC /* UICollectionView+Utils.swift */; };
		DDF703AC23C6AA6500838D9A /* IndexViewController.swift in Sources */ = {isa = PBXBuildFile; fileRef = DDF703AB23C6AA6500838D9A /* IndexViewController.swift */; };
		DDF703AE23C6AA6F00838D9A /* IndexViewModel.swift in Sources */ = {isa = PBXBuildFile; fileRef = DDF703AD23C6AA6F00838D9A /* IndexViewModel.swift */; };
		DDF703B023C6AA7700838D9A /* IndexModel.swift in Sources */ = {isa = PBXBuildFile; fileRef = DDF703AF23C6AA7700838D9A /* IndexModel.swift */; };
		DDF703B423C6AE0500838D9A /* Constants.swift in Sources */ = {isa = PBXBuildFile; fileRef = DDF703B323C6AE0500838D9A /* Constants.swift */; };
		DDFC2E0C23C4443200A89BA4 /* .swiftlint.yml in Resources */ = {isa = PBXBuildFile; fileRef = DDFC2E0B23C4443200A89BA4 /* .swiftlint.yml */; };
		E2C0731C36326ABEA8C1139F /* Pods_HwahaeTests.framework in Frameworks */ = {isa = PBXBuildFile; fileRef = 24ED715304F67EE5897ABB37 /* Pods_HwahaeTests.framework */; };
/* End PBXBuildFile section */

/* Begin PBXContainerItemProxy section */
		DD6C80A223C2C29E004AD177 /* PBXContainerItemProxy */ = {
			isa = PBXContainerItemProxy;
			containerPortal = DD6C808323C2C29C004AD177 /* Project object */;
			proxyType = 1;
			remoteGlobalIDString = DD6C808A23C2C29C004AD177;
			remoteInfo = Hwahae;
		};
		DD6C80AD23C2C29E004AD177 /* PBXContainerItemProxy */ = {
			isa = PBXContainerItemProxy;
			containerPortal = DD6C808323C2C29C004AD177 /* Project object */;
			proxyType = 1;
			remoteGlobalIDString = DD6C808A23C2C29C004AD177;
			remoteInfo = Hwahae;
		};
/* End PBXContainerItemProxy section */

/* Begin PBXFileReference section */
		2206CA3EAA253F8E99EE629F /* Pods-Hwahae.debug.xcconfig */ = {isa = PBXFileReference; includeInIndex = 1; lastKnownFileType = text.xcconfig; name = "Pods-Hwahae.debug.xcconfig"; path = "Target Support Files/Pods-Hwahae/Pods-Hwahae.debug.xcconfig"; sourceTree = "<group>"; };
		2222DB74DD27B92B59FCFBB8 /* Pods_Hwahae.framework */ = {isa = PBXFileReference; explicitFileType = wrapper.framework; includeInIndex = 0; path = Pods_Hwahae.framework; sourceTree = BUILT_PRODUCTS_DIR; };
		24ED715304F67EE5897ABB37 /* Pods_HwahaeTests.framework */ = {isa = PBXFileReference; explicitFileType = wrapper.framework; includeInIndex = 0; path = Pods_HwahaeTests.framework; sourceTree = BUILT_PRODUCTS_DIR; };
		43028EA6EE38910508A7B706 /* Pods-Hwahae-HwahaeUITests.release.xcconfig */ = {isa = PBXFileReference; includeInIndex = 1; lastKnownFileType = text.xcconfig; name = "Pods-Hwahae-HwahaeUITests.release.xcconfig"; path = "Target Support Files/Pods-Hwahae-HwahaeUITests/Pods-Hwahae-HwahaeUITests.release.xcconfig"; sourceTree = "<group>"; };
		6E1D2E82510C89AD256E2452 /* Pods_Hwahae_HwahaeUITests.framework */ = {isa = PBXFileReference; explicitFileType = wrapper.framework; includeInIndex = 0; path = Pods_Hwahae_HwahaeUITests.framework; sourceTree = BUILT_PRODUCTS_DIR; };
		87ACDFC61AB6C4517371DD0D /* Pods-Hwahae-HwahaeUITests.debug.xcconfig */ = {isa = PBXFileReference; includeInIndex = 1; lastKnownFileType = text.xcconfig; name = "Pods-Hwahae-HwahaeUITests.debug.xcconfig"; path = "Target Support Files/Pods-Hwahae-HwahaeUITests/Pods-Hwahae-HwahaeUITests.debug.xcconfig"; sourceTree = "<group>"; };
		91421D968DC1924CE69C3386 /* Pods-Hwahae.release.xcconfig */ = {isa = PBXFileReference; includeInIndex = 1; lastKnownFileType = text.xcconfig; name = "Pods-Hwahae.release.xcconfig"; path = "Target Support Files/Pods-Hwahae/Pods-Hwahae.release.xcconfig"; sourceTree = "<group>"; };
		C95DAF8A62EEDE952F45B959 /* Pods-HwahaeTests.release.xcconfig */ = {isa = PBXFileReference; includeInIndex = 1; lastKnownFileType = text.xcconfig; name = "Pods-HwahaeTests.release.xcconfig"; path = "Target Support Files/Pods-HwahaeTests/Pods-HwahaeTests.release.xcconfig"; sourceTree = "<group>"; };
		DD087CBE23C6FFA900B8CEB8 /* UIApplication+Statusbar.swift */ = {isa = PBXFileReference; lastKnownFileType = sourcecode.swift; path = "UIApplication+Statusbar.swift"; sourceTree = "<group>"; };
		DD087CC823C719AF00B8CEB8 /* ProductListCell.swift */ = {isa = PBXFileReference; lastKnownFileType = sourcecode.swift; path = ProductListCell.swift; sourceTree = "<group>"; };
		DD087CCA23C71BCD00B8CEB8 /* Indicator.swift */ = {isa = PBXFileReference; lastKnownFileType = sourcecode.swift; path = Indicator.swift; sourceTree = "<group>"; };
		DD087CCC23C722CE00B8CEB8 /* Animations.swift */ = {isa = PBXFileReference; lastKnownFileType = sourcecode.swift; path = Animations.swift; sourceTree = "<group>"; };
		DD260CFF23D47F5400A98E40 /* DetailViewController.swift */ = {isa = PBXFileReference; lastKnownFileType = sourcecode.swift; path = DetailViewController.swift; sourceTree = "<group>"; };
		DD31286523C83DDA00B85B46 /* ProductsNetwork.swift */ = {isa = PBXFileReference; lastKnownFileType = sourcecode.swift; path = ProductsNetwork.swift; sourceTree = "<group>"; };
		DD31286723C83E0000B85B46 /* ProductNetworkImpl.swift */ = {isa = PBXFileReference; lastKnownFileType = sourcecode.swift; path = ProductNetworkImpl.swift; sourceTree = "<group>"; };
		DD31286A23C83F3A00B85B46 /* Product.swift */ = {isa = PBXFileReference; lastKnownFileType = sourcecode.swift; path = Product.swift; sourceTree = "<group>"; };
		DD31286C23C840DF00B85B46 /* ProductResponse.swift */ = {isa = PBXFileReference; lastKnownFileType = sourcecode.swift; path = ProductResponse.swift; sourceTree = "<group>"; };
		DD31286E23C8413D00B85B46 /* Enums.swift */ = {isa = PBXFileReference; lastKnownFileType = sourcecode.swift; path = Enums.swift; sourceTree = "<group>"; };
		DD31287123C84C3400B85B46 /* Reactive+UIViewController.swift */ = {isa = PBXFileReference; lastKnownFileType = sourcecode.swift; path = "Reactive+UIViewController.swift"; sourceTree = "<group>"; };
		DD31287323C84E3600B85B46 /* String+Utils.swift */ = {isa = PBXFileReference; lastKnownFileType = sourcecode.swift; path = "String+Utils.swift"; sourceTree = "<group>"; };
		DD31287923C85EC000B85B46 /* ProductListHeader.swift */ = {isa = PBXFileReference; lastKnownFileType = sourcecode.swift; path = ProductListHeader.swift; sourceTree = "<group>"; };
		DD6C808B23C2C29C004AD177 /* Hwahae.app */ = {isa = PBXFileReference; explicitFileType = wrapper.application; includeInIndex = 0; path = Hwahae.app; sourceTree = BUILT_PRODUCTS_DIR; };
		DD6C808E23C2C29C004AD177 /* AppDelegate.swift */ = {isa = PBXFileReference; lastKnownFileType = sourcecode.swift; path = AppDelegate.swift; sourceTree = "<group>"; };
		DD6C809223C2C29C004AD177 /* ViewController.swift */ = {isa = PBXFileReference; lastKnownFileType = sourcecode.swift; path = ViewController.swift; sourceTree = "<group>"; };
		DD6C809723C2C29D004AD177 /* Assets.xcassets */ = {isa = PBXFileReference; lastKnownFileType = folder.assetcatalog; path = Assets.xcassets; sourceTree = "<group>"; };
		DD6C809A23C2C29D004AD177 /* Base */ = {isa = PBXFileReference; lastKnownFileType = file.storyboard; name = Base; path = Base.lproj/LaunchScreen.storyboard; sourceTree = "<group>"; };
		DD6C809C23C2C29D004AD177 /* Info.plist */ = {isa = PBXFileReference; lastKnownFileType = text.plist.xml; path = Info.plist; sourceTree = "<group>"; };
		DD6C80A123C2C29E004AD177 /* HwahaeTests.xctest */ = {isa = PBXFileReference; explicitFileType = wrapper.cfbundle; includeInIndex = 0; path = HwahaeTests.xctest; sourceTree = BUILT_PRODUCTS_DIR; };
		DD6C80A523C2C29E004AD177 /* HwahaeTests.swift */ = {isa = PBXFileReference; lastKnownFileType = sourcecode.swift; path = HwahaeTests.swift; sourceTree = "<group>"; };
		DD6C80A723C2C29E004AD177 /* Info.plist */ = {isa = PBXFileReference; lastKnownFileType = text.plist.xml; path = Info.plist; sourceTree = "<group>"; };
		DD6C80AC23C2C29E004AD177 /* HwahaeUITests.xctest */ = {isa = PBXFileReference; explicitFileType = wrapper.cfbundle; includeInIndex = 0; path = HwahaeUITests.xctest; sourceTree = BUILT_PRODUCTS_DIR; };
		DD6C80B023C2C29E004AD177 /* HwahaeUITests.swift */ = {isa = PBXFileReference; lastKnownFileType = sourcecode.swift; path = HwahaeUITests.swift; sourceTree = "<group>"; };
		DD6C80B223C2C29E004AD177 /* Info.plist */ = {isa = PBXFileReference; lastKnownFileType = text.plist.xml; path = Info.plist; sourceTree = "<group>"; };
		DD6C80C623C2C840004AD177 /* SceneDelegate.swift */ = {isa = PBXFileReference; fileEncoding = 4; lastKnownFileType = sourcecode.swift; path = SceneDelegate.swift; sourceTree = "<group>"; };
		DDD3915223D49A6E001A70A6 /* DetailViewModel.swift */ = {isa = PBXFileReference; lastKnownFileType = sourcecode.swift; path = DetailViewModel.swift; sourceTree = "<group>"; };
		DDD3915423D49A7C001A70A6 /* DetailModel.swift */ = {isa = PBXFileReference; lastKnownFileType = sourcecode.swift; path = DetailModel.swift; sourceTree = "<group>"; };
		DDF1043823CC456E003966CC /* UICollectionView+Utils.swift */ = {isa = PBXFileReference; lastKnownFileType = sourcecode.swift; path = "UICollectionView+Utils.swift"; sourceTree = "<group>"; };
		DDF703AB23C6AA6500838D9A /* IndexViewController.swift */ = {isa = PBXFileReference; lastKnownFileType = sourcecode.swift; path = IndexViewController.swift; sourceTree = "<group>"; };
		DDF703AD23C6AA6F00838D9A /* IndexViewModel.swift */ = {isa = PBXFileReference; lastKnownFileType = sourcecode.swift; path = IndexViewModel.swift; sourceTree = "<group>"; };
		DDF703AF23C6AA7700838D9A /* IndexModel.swift */ = {isa = PBXFileReference; lastKnownFileType = sourcecode.swift; path = IndexModel.swift; sourceTree = "<group>"; };
		DDF703B323C6AE0500838D9A /* Constants.swift */ = {isa = PBXFileReference; lastKnownFileType = sourcecode.swift; path = Constants.swift; sourceTree = "<group>"; };
		DDFC2E0B23C4443200A89BA4 /* .swiftlint.yml */ = {isa = PBXFileReference; lastKnownFileType = text.yaml; path = .swiftlint.yml; sourceTree = "<group>"; };
		FF2B567F7ACD07A528F03963 /* Pods-HwahaeTests.debug.xcconfig */ = {isa = PBXFileReference; includeInIndex = 1; lastKnownFileType = text.xcconfig; name = "Pods-HwahaeTests.debug.xcconfig"; path = "Target Support Files/Pods-HwahaeTests/Pods-HwahaeTests.debug.xcconfig"; sourceTree = "<group>"; };
/* End PBXFileReference section */

/* Begin PBXFrameworksBuildPhase section */
		DD6C808823C2C29C004AD177 /* Frameworks */ = {
			isa = PBXFrameworksBuildPhase;
			buildActionMask = 2147483647;
			files = (
				BC0EB5FF6AA4B8A410ADB17B /* Pods_Hwahae.framework in Frameworks */,
			);
			runOnlyForDeploymentPostprocessing = 0;
		};
		DD6C809E23C2C29E004AD177 /* Frameworks */ = {
			isa = PBXFrameworksBuildPhase;
			buildActionMask = 2147483647;
			files = (
				E2C0731C36326ABEA8C1139F /* Pods_HwahaeTests.framework in Frameworks */,
			);
			runOnlyForDeploymentPostprocessing = 0;
		};
		DD6C80A923C2C29E004AD177 /* Frameworks */ = {
			isa = PBXFrameworksBuildPhase;
			buildActionMask = 2147483647;
			files = (
				7637693F6E8BA93ED2B8FFD0 /* Pods_Hwahae_HwahaeUITests.framework in Frameworks */,
			);
			runOnlyForDeploymentPostprocessing = 0;
		};
/* End PBXFrameworksBuildPhase section */

/* Begin PBXGroup section */
		04A8E9AA98970803E19E3393 /* Frameworks */ = {
			isa = PBXGroup;
			children = (
				2222DB74DD27B92B59FCFBB8 /* Pods_Hwahae.framework */,
				6E1D2E82510C89AD256E2452 /* Pods_Hwahae_HwahaeUITests.framework */,
				24ED715304F67EE5897ABB37 /* Pods_HwahaeTests.framework */,
			);
			name = Frameworks;
			sourceTree = "<group>";
		};
		7F1EF01BD78C6AA2057FD15B /* Pods */ = {
			isa = PBXGroup;
			children = (
				2206CA3EAA253F8E99EE629F /* Pods-Hwahae.debug.xcconfig */,
				91421D968DC1924CE69C3386 /* Pods-Hwahae.release.xcconfig */,
				87ACDFC61AB6C4517371DD0D /* Pods-Hwahae-HwahaeUITests.debug.xcconfig */,
				43028EA6EE38910508A7B706 /* Pods-Hwahae-HwahaeUITests.release.xcconfig */,
				FF2B567F7ACD07A528F03963 /* Pods-HwahaeTests.debug.xcconfig */,
				C95DAF8A62EEDE952F45B959 /* Pods-HwahaeTests.release.xcconfig */,
			);
			path = Pods;
			sourceTree = "<group>";
		};
		DD087CBD23C6FF8600B8CEB8 /* Extension */ = {
			isa = PBXGroup;
			children = (
				DD087CBE23C6FFA900B8CEB8 /* UIApplication+Statusbar.swift */,
				DD31287123C84C3400B85B46 /* Reactive+UIViewController.swift */,
				DD31287323C84E3600B85B46 /* String+Utils.swift */,
				DDF1043823CC456E003966CC /* UICollectionView+Utils.swift */,
			);
			path = Extension;
			sourceTree = "<group>";
		};
		DD087CC723C7199F00B8CEB8 /* Components */ = {
			isa = PBXGroup;
			children = (
				DD087CC823C719AF00B8CEB8 /* ProductListCell.swift */,
				DD31287923C85EC000B85B46 /* ProductListHeader.swift */,
			);
			path = Components;
			sourceTree = "<group>";
		};
		DD087CCE23C7237300B8CEB8 /* Animations */ = {
			isa = PBXGroup;
			children = (
				DD087CCC23C722CE00B8CEB8 /* Animations.swift */,
			);
			path = Animations;
			sourceTree = "<group>";
		};
		DD260CFE23D47F2600A98E40 /* Detail */ = {
			isa = PBXGroup;
			children = (
				DD260CFF23D47F5400A98E40 /* DetailViewController.swift */,
				DDD3915223D49A6E001A70A6 /* DetailViewModel.swift */,
				DDD3915423D49A7C001A70A6 /* DetailModel.swift */,
			);
			path = Detail;
			sourceTree = "<group>";
		};
		DD31286423C83D6700B85B46 /* Network */ = {
			isa = PBXGroup;
			children = (
				DD31286523C83DDA00B85B46 /* ProductsNetwork.swift */,
				DD31286723C83E0000B85B46 /* ProductNetworkImpl.swift */,
			);
			path = Network;
			sourceTree = "<group>";
		};
		DD31286923C83E1D00B85B46 /* Models */ = {
			isa = PBXGroup;
			children = (
				DD31286C23C840DF00B85B46 /* ProductResponse.swift */,
				DD31286A23C83F3A00B85B46 /* Product.swift */,
			);
			path = Models;
			sourceTree = "<group>";
		};
		DD6C808223C2C29C004AD177 = {
			isa = PBXGroup;
			children = (
				DDFC2E0B23C4443200A89BA4 /* .swiftlint.yml */,
				DD6C808D23C2C29C004AD177 /* Hwahae */,
				DD6C80A423C2C29E004AD177 /* HwahaeTests */,
				DD6C80AF23C2C29E004AD177 /* HwahaeUITests */,
				DD6C808C23C2C29C004AD177 /* Products */,
				7F1EF01BD78C6AA2057FD15B /* Pods */,
				04A8E9AA98970803E19E3393 /* Frameworks */,
			);
			sourceTree = "<group>";
		};
		DD6C808C23C2C29C004AD177 /* Products */ = {
			isa = PBXGroup;
			children = (
				DD6C808B23C2C29C004AD177 /* Hwahae.app */,
				DD6C80A123C2C29E004AD177 /* HwahaeTests.xctest */,
				DD6C80AC23C2C29E004AD177 /* HwahaeUITests.xctest */,
			);
			name = Products;
			sourceTree = "<group>";
		};
		DD6C808D23C2C29C004AD177 /* Hwahae */ = {
			isa = PBXGroup;
			children = (
				DD6C80C023C2C43E004AD177 /* Source */,
				DD6C80BF23C2C413004AD177 /* Resource */,
				DD6C80BE23C2C3F0004AD177 /* Support */,
			);
			path = Hwahae;
			sourceTree = "<group>";
		};
		DD6C80A423C2C29E004AD177 /* HwahaeTests */ = {
			isa = PBXGroup;
			children = (
				DD6C80A523C2C29E004AD177 /* HwahaeTests.swift */,
				DD6C80A723C2C29E004AD177 /* Info.plist */,
			);
			path = HwahaeTests;
			sourceTree = "<group>";
		};
		DD6C80AF23C2C29E004AD177 /* HwahaeUITests */ = {
			isa = PBXGroup;
			children = (
				DD6C80B023C2C29E004AD177 /* HwahaeUITests.swift */,
				DD6C80B223C2C29E004AD177 /* Info.plist */,
			);
			path = HwahaeUITests;
			sourceTree = "<group>";
		};
		DD6C80BE23C2C3F0004AD177 /* Support */ = {
			isa = PBXGroup;
			children = (
				DD6C809C23C2C29D004AD177 /* Info.plist */,
			);
			path = Support;
			sourceTree = "<group>";
		};
		DD6C80BF23C2C413004AD177 /* Resource */ = {
			isa = PBXGroup;
			children = (
				DD6C809723C2C29D004AD177 /* Assets.xcassets */,
				DD6C809923C2C29D004AD177 /* LaunchScreen.storyboard */,
			);
			path = Resource;
			sourceTree = "<group>";
		};
		DD6C80C023C2C43E004AD177 /* Source */ = {
			isa = PBXGroup;
			children = (
				DD6C80C523C2C738004AD177 /* Views */,
				DD31286923C83E1D00B85B46 /* Models */,
				DD31286423C83D6700B85B46 /* Network */,
				DD087CBD23C6FF8600B8CEB8 /* Extension */,
				DDB0DC2823C440FB0087D048 /* Constants */,
				DD087CCE23C7237300B8CEB8 /* Animations */,
				DD6C808E23C2C29C004AD177 /* AppDelegate.swift */,
				DD6C80C623C2C840004AD177 /* SceneDelegate.swift */,
			);
			path = Source;
			sourceTree = "<group>";
		};
		DD6C80C523C2C738004AD177 /* Views */ = {
			isa = PBXGroup;
			children = (
				DDB0DC2323C428290087D048 /* Common Components */,
				DD768DDE23C45DBA00803374 /* Index */,
				DD260CFE23D47F2600A98E40 /* Detail */,
			);
			path = Views;
			sourceTree = "<group>";
		};
		DD768DDE23C45DBA00803374 /* Index */ = {
			isa = PBXGroup;
			children = (
				DD087CC723C7199F00B8CEB8 /* Components */,
				DDF703AB23C6AA6500838D9A /* IndexViewController.swift */,
				DDF703AD23C6AA6F00838D9A /* IndexViewModel.swift */,
				DDF703AF23C6AA7700838D9A /* IndexModel.swift */,
			);
			path = Index;
			sourceTree = "<group>";
		};
		DDB0DC2323C428290087D048 /* Common Components */ = {
			isa = PBXGroup;
			children = (
				DD6C809223C2C29C004AD177 /* ViewController.swift */,
				DD087CCA23C71BCD00B8CEB8 /* Indicator.swift */,
			);
			path = "Common Components";
			sourceTree = "<group>";
		};
		DDB0DC2823C440FB0087D048 /* Constants */ = {
			isa = PBXGroup;
			children = (
				DDF703B323C6AE0500838D9A /* Constants.swift */,
				DD31286E23C8413D00B85B46 /* Enums.swift */,
			);
			path = Constants;
			sourceTree = "<group>";
		};
/* End PBXGroup section */

/* Begin PBXNativeTarget section */
		DD6C808A23C2C29C004AD177 /* Hwahae */ = {
			isa = PBXNativeTarget;
			buildConfigurationList = DD6C80B523C2C29E004AD177 /* Build configuration list for PBXNativeTarget "Hwahae" */;
			buildPhases = (
				A0C89E9FDB7AA01E5D46DE2D /* [CP] Check Pods Manifest.lock */,
				DD6C808723C2C29C004AD177 /* Sources */,
				DD6C808823C2C29C004AD177 /* Frameworks */,
				DD6C808923C2C29C004AD177 /* Resources */,
				5E01DDAB17604FB1FD0C73AB /* [CP] Embed Pods Frameworks */,
				DDFC2E0A23C4435900A89BA4 /* Run Script */,
			);
			buildRules = (
			);
			dependencies = (
			);
			name = Hwahae;
			productName = Hwahae;
			productReference = DD6C808B23C2C29C004AD177 /* Hwahae.app */;
			productType = "com.apple.product-type.application";
		};
		DD6C80A023C2C29E004AD177 /* HwahaeTests */ = {
			isa = PBXNativeTarget;
			buildConfigurationList = DD6C80B823C2C29E004AD177 /* Build configuration list for PBXNativeTarget "HwahaeTests" */;
			buildPhases = (
				62B9FA050EB0ED5A12565CB6 /* [CP] Check Pods Manifest.lock */,
				DD6C809D23C2C29E004AD177 /* Sources */,
				DD6C809E23C2C29E004AD177 /* Frameworks */,
				DD6C809F23C2C29E004AD177 /* Resources */,
			);
			buildRules = (
			);
			dependencies = (
				DD6C80A323C2C29E004AD177 /* PBXTargetDependency */,
			);
			name = HwahaeTests;
			productName = HwahaeTests;
			productReference = DD6C80A123C2C29E004AD177 /* HwahaeTests.xctest */;
			productType = "com.apple.product-type.bundle.unit-test";
		};
		DD6C80AB23C2C29E004AD177 /* HwahaeUITests */ = {
			isa = PBXNativeTarget;
			buildConfigurationList = DD6C80BB23C2C29E004AD177 /* Build configuration list for PBXNativeTarget "HwahaeUITests" */;
			buildPhases = (
				947A88CCDAA6DE3A2F0C8B47 /* [CP] Check Pods Manifest.lock */,
				DD6C80A823C2C29E004AD177 /* Sources */,
				DD6C80A923C2C29E004AD177 /* Frameworks */,
				DD6C80AA23C2C29E004AD177 /* Resources */,
				AED3A7FE2B93CCF19D1A6D60 /* [CP] Embed Pods Frameworks */,
			);
			buildRules = (
			);
			dependencies = (
				DD6C80AE23C2C29E004AD177 /* PBXTargetDependency */,
			);
			name = HwahaeUITests;
			productName = HwahaeUITests;
			productReference = DD6C80AC23C2C29E004AD177 /* HwahaeUITests.xctest */;
			productType = "com.apple.product-type.bundle.ui-testing";
		};
/* End PBXNativeTarget section */

/* Begin PBXProject section */
		DD6C808323C2C29C004AD177 /* Project object */ = {
			isa = PBXProject;
			attributes = {
				LastSwiftUpdateCheck = 1120;
				LastUpgradeCheck = 1120;
				ORGANIZATIONNAME = "김효원";
				TargetAttributes = {
					DD6C808A23C2C29C004AD177 = {
						CreatedOnToolsVersion = 11.2.1;
					};
					DD6C80A023C2C29E004AD177 = {
						CreatedOnToolsVersion = 11.2.1;
						TestTargetID = DD6C808A23C2C29C004AD177;
					};
					DD6C80AB23C2C29E004AD177 = {
						CreatedOnToolsVersion = 11.2.1;
						TestTargetID = DD6C808A23C2C29C004AD177;
					};
				};
			};
			buildConfigurationList = DD6C808623C2C29C004AD177 /* Build configuration list for PBXProject "Hwahae" */;
			compatibilityVersion = "Xcode 9.3";
			developmentRegion = en;
			hasScannedForEncodings = 0;
			knownRegions = (
				en,
				Base,
			);
			mainGroup = DD6C808223C2C29C004AD177;
			productRefGroup = DD6C808C23C2C29C004AD177 /* Products */;
			projectDirPath = "";
			projectRoot = "";
			targets = (
				DD6C808A23C2C29C004AD177 /* Hwahae */,
				DD6C80A023C2C29E004AD177 /* HwahaeTests */,
				DD6C80AB23C2C29E004AD177 /* HwahaeUITests */,
			);
		};
/* End PBXProject section */

/* Begin PBXResourcesBuildPhase section */
		DD6C808923C2C29C004AD177 /* Resources */ = {
			isa = PBXResourcesBuildPhase;
			buildActionMask = 2147483647;
			files = (
				DDFC2E0C23C4443200A89BA4 /* .swiftlint.yml in Resources */,
				DD6C809B23C2C29D004AD177 /* LaunchScreen.storyboard in Resources */,
				DD6C809823C2C29D004AD177 /* Assets.xcassets in Resources */,
			);
			runOnlyForDeploymentPostprocessing = 0;
		};
		DD6C809F23C2C29E004AD177 /* Resources */ = {
			isa = PBXResourcesBuildPhase;
			buildActionMask = 2147483647;
			files = (
			);
			runOnlyForDeploymentPostprocessing = 0;
		};
		DD6C80AA23C2C29E004AD177 /* Resources */ = {
			isa = PBXResourcesBuildPhase;
			buildActionMask = 2147483647;
			files = (
			);
			runOnlyForDeploymentPostprocessing = 0;
		};
/* End PBXResourcesBuildPhase section */

/* Begin PBXShellScriptBuildPhase section */
		5E01DDAB17604FB1FD0C73AB /* [CP] Embed Pods Frameworks */ = {
			isa = PBXShellScriptBuildPhase;
			buildActionMask = 2147483647;
			files = (
			);
			inputFileListPaths = (
				"${PODS_ROOT}/Target Support Files/Pods-Hwahae/Pods-Hwahae-frameworks-${CONFIGURATION}-input-files.xcfilelist",
			);
			name = "[CP] Embed Pods Frameworks";
			outputFileListPaths = (
				"${PODS_ROOT}/Target Support Files/Pods-Hwahae/Pods-Hwahae-frameworks-${CONFIGURATION}-output-files.xcfilelist",
			);
			runOnlyForDeploymentPostprocessing = 0;
			shellPath = /bin/sh;
			shellScript = "\"${PODS_ROOT}/Target Support Files/Pods-Hwahae/Pods-Hwahae-frameworks.sh\"\n";
			showEnvVarsInLog = 0;
		};
		62B9FA050EB0ED5A12565CB6 /* [CP] Check Pods Manifest.lock */ = {
			isa = PBXShellScriptBuildPhase;
			buildActionMask = 2147483647;
			files = (
			);
			inputFileListPaths = (
			);
			inputPaths = (
				"${PODS_PODFILE_DIR_PATH}/Podfile.lock",
				"${PODS_ROOT}/Manifest.lock",
			);
			name = "[CP] Check Pods Manifest.lock";
			outputFileListPaths = (
			);
			outputPaths = (
				"$(DERIVED_FILE_DIR)/Pods-HwahaeTests-checkManifestLockResult.txt",
			);
			runOnlyForDeploymentPostprocessing = 0;
			shellPath = /bin/sh;
			shellScript = "diff \"${PODS_PODFILE_DIR_PATH}/Podfile.lock\" \"${PODS_ROOT}/Manifest.lock\" > /dev/null\nif [ $? != 0 ] ; then\n    # print error to STDERR\n    echo \"error: The sandbox is not in sync with the Podfile.lock. Run 'pod install' or update your CocoaPods installation.\" >&2\n    exit 1\nfi\n# This output is used by Xcode 'outputs' to avoid re-running this script phase.\necho \"SUCCESS\" > \"${SCRIPT_OUTPUT_FILE_0}\"\n";
			showEnvVarsInLog = 0;
		};
		947A88CCDAA6DE3A2F0C8B47 /* [CP] Check Pods Manifest.lock */ = {
			isa = PBXShellScriptBuildPhase;
			buildActionMask = 2147483647;
			files = (
			);
			inputFileListPaths = (
			);
			inputPaths = (
				"${PODS_PODFILE_DIR_PATH}/Podfile.lock",
				"${PODS_ROOT}/Manifest.lock",
			);
			name = "[CP] Check Pods Manifest.lock";
			outputFileListPaths = (
			);
			outputPaths = (
				"$(DERIVED_FILE_DIR)/Pods-Hwahae-HwahaeUITests-checkManifestLockResult.txt",
			);
			runOnlyForDeploymentPostprocessing = 0;
			shellPath = /bin/sh;
			shellScript = "diff \"${PODS_PODFILE_DIR_PATH}/Podfile.lock\" \"${PODS_ROOT}/Manifest.lock\" > /dev/null\nif [ $? != 0 ] ; then\n    # print error to STDERR\n    echo \"error: The sandbox is not in sync with the Podfile.lock. Run 'pod install' or update your CocoaPods installation.\" >&2\n    exit 1\nfi\n# This output is used by Xcode 'outputs' to avoid re-running this script phase.\necho \"SUCCESS\" > \"${SCRIPT_OUTPUT_FILE_0}\"\n";
			showEnvVarsInLog = 0;
		};
		A0C89E9FDB7AA01E5D46DE2D /* [CP] Check Pods Manifest.lock */ = {
			isa = PBXShellScriptBuildPhase;
			buildActionMask = 2147483647;
			files = (
			);
			inputFileListPaths = (
			);
			inputPaths = (
				"${PODS_PODFILE_DIR_PATH}/Podfile.lock",
				"${PODS_ROOT}/Manifest.lock",
			);
			name = "[CP] Check Pods Manifest.lock";
			outputFileListPaths = (
			);
			outputPaths = (
				"$(DERIVED_FILE_DIR)/Pods-Hwahae-checkManifestLockResult.txt",
			);
			runOnlyForDeploymentPostprocessing = 0;
			shellPath = /bin/sh;
			shellScript = "diff \"${PODS_PODFILE_DIR_PATH}/Podfile.lock\" \"${PODS_ROOT}/Manifest.lock\" > /dev/null\nif [ $? != 0 ] ; then\n    # print error to STDERR\n    echo \"error: The sandbox is not in sync with the Podfile.lock. Run 'pod install' or update your CocoaPods installation.\" >&2\n    exit 1\nfi\n# This output is used by Xcode 'outputs' to avoid re-running this script phase.\necho \"SUCCESS\" > \"${SCRIPT_OUTPUT_FILE_0}\"\n";
			showEnvVarsInLog = 0;
		};
		AED3A7FE2B93CCF19D1A6D60 /* [CP] Embed Pods Frameworks */ = {
			isa = PBXShellScriptBuildPhase;
			buildActionMask = 2147483647;
			files = (
			);
			inputFileListPaths = (
				"${PODS_ROOT}/Target Support Files/Pods-Hwahae-HwahaeUITests/Pods-Hwahae-HwahaeUITests-frameworks-${CONFIGURATION}-input-files.xcfilelist",
			);
			name = "[CP] Embed Pods Frameworks";
			outputFileListPaths = (
				"${PODS_ROOT}/Target Support Files/Pods-Hwahae-HwahaeUITests/Pods-Hwahae-HwahaeUITests-frameworks-${CONFIGURATION}-output-files.xcfilelist",
			);
			runOnlyForDeploymentPostprocessing = 0;
			shellPath = /bin/sh;
			shellScript = "\"${PODS_ROOT}/Target Support Files/Pods-Hwahae-HwahaeUITests/Pods-Hwahae-HwahaeUITests-frameworks.sh\"\n";
			showEnvVarsInLog = 0;
		};
		DDFC2E0A23C4435900A89BA4 /* Run Script */ = {
			isa = PBXShellScriptBuildPhase;
			buildActionMask = 2147483647;
			files = (
			);
			inputFileListPaths = (
			);
			inputPaths = (
			);
			name = "Run Script";
			outputFileListPaths = (
			);
			outputPaths = (
			);
			runOnlyForDeploymentPostprocessing = 0;
			shellPath = /bin/sh;
			shellScript = "${PODS_ROOT}/SwiftLint/swiftlint\n";
		};
/* End PBXShellScriptBuildPhase section */

/* Begin PBXSourcesBuildPhase section */
		DD6C808723C2C29C004AD177 /* Sources */ = {
			isa = PBXSourcesBuildPhase;
			buildActionMask = 2147483647;
			files = (
				DD6C809323C2C29C004AD177 /* ViewController.swift in Sources */,
				DD31286823C83E0000B85B46 /* ProductNetworkImpl.swift in Sources */,
				DDF1043923CC456E003966CC /* UICollectionView+Utils.swift in Sources */,
				DD6C808F23C2C29C004AD177 /* AppDelegate.swift in Sources */,
				DDD3915523D49A7C001A70A6 /* DetailModel.swift in Sources */,
				DD31286B23C83F3A00B85B46 /* Product.swift in Sources */,
				DDF703B023C6AA7700838D9A /* IndexModel.swift in Sources */,
				DD260D0023D47F5400A98E40 /* DetailViewController.swift in Sources */,
				DD31287223C84C3400B85B46 /* Reactive+UIViewController.swift in Sources */,
				DD087CCB23C71BCD00B8CEB8 /* Indicator.swift in Sources */,
				DDD3915323D49A6E001A70A6 /* DetailViewModel.swift in Sources */,
				DD31286D23C840DF00B85B46 /* ProductResponse.swift in Sources */,
				DD6C80C723C2C840004AD177 /* SceneDelegate.swift in Sources */,
				DDF703AC23C6AA6500838D9A /* IndexViewController.swift in Sources */,
				DD087CC923C719AF00B8CEB8 /* ProductListCell.swift in Sources */,
				DDF703AE23C6AA6F00838D9A /* IndexViewModel.swift in Sources */,
				DD31287A23C85EC000B85B46 /* ProductListHeader.swift in Sources */,
				DD087CBF23C6FFA900B8CEB8 /* UIApplication+Statusbar.swift in Sources */,
				DD087CCD23C722CE00B8CEB8 /* Animations.swift in Sources */,
				DD31287423C84E3600B85B46 /* String+Utils.swift in Sources */,
				DD31286623C83DDA00B85B46 /* ProductsNetwork.swift in Sources */,
				DD31286F23C8413D00B85B46 /* Enums.swift in Sources */,
				DDF703B423C6AE0500838D9A /* Constants.swift in Sources */,
			);
			runOnlyForDeploymentPostprocessing = 0;
		};
		DD6C809D23C2C29E004AD177 /* Sources */ = {
			isa = PBXSourcesBuildPhase;
			buildActionMask = 2147483647;
			files = (
				DD6C80A623C2C29E004AD177 /* HwahaeTests.swift in Sources */,
			);
			runOnlyForDeploymentPostprocessing = 0;
		};
		DD6C80A823C2C29E004AD177 /* Sources */ = {
			isa = PBXSourcesBuildPhase;
			buildActionMask = 2147483647;
			files = (
				DD6C80B123C2C29E004AD177 /* HwahaeUITests.swift in Sources */,
			);
			runOnlyForDeploymentPostprocessing = 0;
		};
/* End PBXSourcesBuildPhase section */

/* Begin PBXTargetDependency section */
		DD6C80A323C2C29E004AD177 /* PBXTargetDependency */ = {
			isa = PBXTargetDependency;
			target = DD6C808A23C2C29C004AD177 /* Hwahae */;
			targetProxy = DD6C80A223C2C29E004AD177 /* PBXContainerItemProxy */;
		};
		DD6C80AE23C2C29E004AD177 /* PBXTargetDependency */ = {
			isa = PBXTargetDependency;
			target = DD6C808A23C2C29C004AD177 /* Hwahae */;
			targetProxy = DD6C80AD23C2C29E004AD177 /* PBXContainerItemProxy */;
		};
/* End PBXTargetDependency section */

/* Begin PBXVariantGroup section */
		DD6C809923C2C29D004AD177 /* LaunchScreen.storyboard */ = {
			isa = PBXVariantGroup;
			children = (
				DD6C809A23C2C29D004AD177 /* Base */,
			);
			name = LaunchScreen.storyboard;
			sourceTree = "<group>";
		};
/* End PBXVariantGroup section */

/* Begin XCBuildConfiguration section */
		DD6C80B323C2C29E004AD177 /* Debug */ = {
			isa = XCBuildConfiguration;
			buildSettings = {
				ALWAYS_SEARCH_USER_PATHS = NO;
				CLANG_ANALYZER_NONNULL = YES;
				CLANG_ANALYZER_NUMBER_OBJECT_CONVERSION = YES_AGGRESSIVE;
				CLANG_CXX_LANGUAGE_STANDARD = "gnu++14";
				CLANG_CXX_LIBRARY = "libc++";
				CLANG_ENABLE_MODULES = YES;
				CLANG_ENABLE_OBJC_ARC = YES;
				CLANG_ENABLE_OBJC_WEAK = YES;
				CLANG_WARN_BLOCK_CAPTURE_AUTORELEASING = YES;
				CLANG_WARN_BOOL_CONVERSION = YES;
				CLANG_WARN_COMMA = YES;
				CLANG_WARN_CONSTANT_CONVERSION = YES;
				CLANG_WARN_DEPRECATED_OBJC_IMPLEMENTATIONS = YES;
				CLANG_WARN_DIRECT_OBJC_ISA_USAGE = YES_ERROR;
				CLANG_WARN_DOCUMENTATION_COMMENTS = YES;
				CLANG_WARN_EMPTY_BODY = YES;
				CLANG_WARN_ENUM_CONVERSION = YES;
				CLANG_WARN_INFINITE_RECURSION = YES;
				CLANG_WARN_INT_CONVERSION = YES;
				CLANG_WARN_NON_LITERAL_NULL_CONVERSION = YES;
				CLANG_WARN_OBJC_IMPLICIT_RETAIN_SELF = YES;
				CLANG_WARN_OBJC_LITERAL_CONVERSION = YES;
				CLANG_WARN_OBJC_ROOT_CLASS = YES_ERROR;
				CLANG_WARN_RANGE_LOOP_ANALYSIS = YES;
				CLANG_WARN_STRICT_PROTOTYPES = YES;
				CLANG_WARN_SUSPICIOUS_MOVE = YES;
				CLANG_WARN_UNGUARDED_AVAILABILITY = YES_AGGRESSIVE;
				CLANG_WARN_UNREACHABLE_CODE = YES;
				CLANG_WARN__DUPLICATE_METHOD_MATCH = YES;
				COPY_PHASE_STRIP = NO;
				DEBUG_INFORMATION_FORMAT = dwarf;
				ENABLE_STRICT_OBJC_MSGSEND = YES;
				ENABLE_TESTABILITY = YES;
				GCC_C_LANGUAGE_STANDARD = gnu11;
				GCC_DYNAMIC_NO_PIC = NO;
				GCC_NO_COMMON_BLOCKS = YES;
				GCC_OPTIMIZATION_LEVEL = 0;
				GCC_PREPROCESSOR_DEFINITIONS = (
					"DEBUG=1",
					"$(inherited)",
				);
				GCC_WARN_64_TO_32_BIT_CONVERSION = YES;
				GCC_WARN_ABOUT_RETURN_TYPE = YES_ERROR;
				GCC_WARN_UNDECLARED_SELECTOR = YES;
				GCC_WARN_UNINITIALIZED_AUTOS = YES_AGGRESSIVE;
				GCC_WARN_UNUSED_FUNCTION = YES;
				GCC_WARN_UNUSED_VARIABLE = YES;
				IPHONEOS_DEPLOYMENT_TARGET = 13.2;
				MTL_ENABLE_DEBUG_INFO = INCLUDE_SOURCE;
				MTL_FAST_MATH = YES;
				ONLY_ACTIVE_ARCH = YES;
				SDKROOT = iphoneos;
				SWIFT_ACTIVE_COMPILATION_CONDITIONS = DEBUG;
				SWIFT_OPTIMIZATION_LEVEL = "-Onone";
			};
			name = Debug;
		};
		DD6C80B423C2C29E004AD177 /* Release */ = {
			isa = XCBuildConfiguration;
			buildSettings = {
				ALWAYS_SEARCH_USER_PATHS = NO;
				CLANG_ANALYZER_NONNULL = YES;
				CLANG_ANALYZER_NUMBER_OBJECT_CONVERSION = YES_AGGRESSIVE;
				CLANG_CXX_LANGUAGE_STANDARD = "gnu++14";
				CLANG_CXX_LIBRARY = "libc++";
				CLANG_ENABLE_MODULES = YES;
				CLANG_ENABLE_OBJC_ARC = YES;
				CLANG_ENABLE_OBJC_WEAK = YES;
				CLANG_WARN_BLOCK_CAPTURE_AUTORELEASING = YES;
				CLANG_WARN_BOOL_CONVERSION = YES;
				CLANG_WARN_COMMA = YES;
				CLANG_WARN_CONSTANT_CONVERSION = YES;
				CLANG_WARN_DEPRECATED_OBJC_IMPLEMENTATIONS = YES;
				CLANG_WARN_DIRECT_OBJC_ISA_USAGE = YES_ERROR;
				CLANG_WARN_DOCUMENTATION_COMMENTS = YES;
				CLANG_WARN_EMPTY_BODY = YES;
				CLANG_WARN_ENUM_CONVERSION = YES;
				CLANG_WARN_INFINITE_RECURSION = YES;
				CLANG_WARN_INT_CONVERSION = YES;
				CLANG_WARN_NON_LITERAL_NULL_CONVERSION = YES;
				CLANG_WARN_OBJC_IMPLICIT_RETAIN_SELF = YES;
				CLANG_WARN_OBJC_LITERAL_CONVERSION = YES;
				CLANG_WARN_OBJC_ROOT_CLASS = YES_ERROR;
				CLANG_WARN_RANGE_LOOP_ANALYSIS = YES;
				CLANG_WARN_STRICT_PROTOTYPES = YES;
				CLANG_WARN_SUSPICIOUS_MOVE = YES;
				CLANG_WARN_UNGUARDED_AVAILABILITY = YES_AGGRESSIVE;
				CLANG_WARN_UNREACHABLE_CODE = YES;
				CLANG_WARN__DUPLICATE_METHOD_MATCH = YES;
				COPY_PHASE_STRIP = NO;
				DEBUG_INFORMATION_FORMAT = "dwarf-with-dsym";
				ENABLE_NS_ASSERTIONS = NO;
				ENABLE_STRICT_OBJC_MSGSEND = YES;
				GCC_C_LANGUAGE_STANDARD = gnu11;
				GCC_NO_COMMON_BLOCKS = YES;
				GCC_WARN_64_TO_32_BIT_CONVERSION = YES;
				GCC_WARN_ABOUT_RETURN_TYPE = YES_ERROR;
				GCC_WARN_UNDECLARED_SELECTOR = YES;
				GCC_WARN_UNINITIALIZED_AUTOS = YES_AGGRESSIVE;
				GCC_WARN_UNUSED_FUNCTION = YES;
				GCC_WARN_UNUSED_VARIABLE = YES;
				IPHONEOS_DEPLOYMENT_TARGET = 13.2;
				MTL_ENABLE_DEBUG_INFO = NO;
				MTL_FAST_MATH = YES;
				SDKROOT = iphoneos;
				SWIFT_COMPILATION_MODE = wholemodule;
				SWIFT_OPTIMIZATION_LEVEL = "-O";
				VALIDATE_PRODUCT = YES;
			};
			name = Release;
		};
		DD6C80B623C2C29E004AD177 /* Debug */ = {
			isa = XCBuildConfiguration;
			baseConfigurationReference = 2206CA3EAA253F8E99EE629F /* Pods-Hwahae.debug.xcconfig */;
			buildSettings = {
				ASSETCATALOG_COMPILER_APPICON_NAME = AppIcon;
				CODE_SIGN_STYLE = Automatic;
				DEVELOPMENT_TEAM = 6U8M4ASV96;
				INFOPLIST_FILE = Hwahae/Support/Info.plist;
				IPHONEOS_DEPLOYMENT_TARGET = 12.0;
				LD_RUNPATH_SEARCH_PATHS = (
					"$(inherited)",
					"@executable_path/Frameworks",
				);
				OTHER_SWIFT_FLAGS = "$(inherited) -D debug";
				PRODUCT_BUNDLE_IDENTIFIER = com.hyopangworld.Hwahae;
				PRODUCT_NAME = "$(TARGET_NAME)";
				SWIFT_VERSION = 5.0;
				TARGETED_DEVICE_FAMILY = 1;
			};
			name = Debug;
		};
		DD6C80B723C2C29E004AD177 /* Release */ = {
			isa = XCBuildConfiguration;
			baseConfigurationReference = 91421D968DC1924CE69C3386 /* Pods-Hwahae.release.xcconfig */;
			buildSettings = {
				ASSETCATALOG_COMPILER_APPICON_NAME = AppIcon;
				CODE_SIGN_STYLE = Automatic;
				DEVELOPMENT_TEAM = 6U8M4ASV96;
				INFOPLIST_FILE = Hwahae/Support/Info.plist;
				IPHONEOS_DEPLOYMENT_TARGET = 12.0;
				LD_RUNPATH_SEARCH_PATHS = (
					"$(inherited)",
					"@executable_path/Frameworks",
				);
				PRODUCT_BUNDLE_IDENTIFIER = com.hyopangworld.Hwahae;
				PRODUCT_NAME = "$(TARGET_NAME)";
				SWIFT_VERSION = 5.0;
				TARGETED_DEVICE_FAMILY = 1;
			};
			name = Release;
		};
		DD6C80B923C2C29E004AD177 /* Debug */ = {
			isa = XCBuildConfiguration;
			baseConfigurationReference = FF2B567F7ACD07A528F03963 /* Pods-HwahaeTests.debug.xcconfig */;
			buildSettings = {
				ALWAYS_EMBED_SWIFT_STANDARD_LIBRARIES = YES;
				BUNDLE_LOADER = "$(TEST_HOST)";
				CODE_SIGN_STYLE = Automatic;
				DEVELOPMENT_TEAM = 6U8M4ASV96;
				INFOPLIST_FILE = HwahaeTests/Info.plist;
				IPHONEOS_DEPLOYMENT_TARGET = 13.2;
				LD_RUNPATH_SEARCH_PATHS = (
					"$(inherited)",
					"@executable_path/Frameworks",
					"@loader_path/Frameworks",
				);
				PRODUCT_BUNDLE_IDENTIFIER = com.hyopangworld.HwahaeTests;
				PRODUCT_NAME = "$(TARGET_NAME)";
				SWIFT_VERSION = 5.0;
				TARGETED_DEVICE_FAMILY = "1,2";
				TEST_HOST = "$(BUILT_PRODUCTS_DIR)/Hwahae.app/Hwahae";
			};
			name = Debug;
		};
		DD6C80BA23C2C29E004AD177 /* Release */ = {
			isa = XCBuildConfiguration;
			baseConfigurationReference = C95DAF8A62EEDE952F45B959 /* Pods-HwahaeTests.release.xcconfig */;
			buildSettings = {
				ALWAYS_EMBED_SWIFT_STANDARD_LIBRARIES = YES;
				BUNDLE_LOADER = "$(TEST_HOST)";
				CODE_SIGN_STYLE = Automatic;
				DEVELOPMENT_TEAM = 6U8M4ASV96;
				INFOPLIST_FILE = HwahaeTests/Info.plist;
				IPHONEOS_DEPLOYMENT_TARGET = 13.2;
				LD_RUNPATH_SEARCH_PATHS = (
					"$(inherited)",
					"@executable_path/Frameworks",
					"@loader_path/Frameworks",
				);
				PRODUCT_BUNDLE_IDENTIFIER = com.hyopangworld.HwahaeTests;
				PRODUCT_NAME = "$(TARGET_NAME)";
				SWIFT_VERSION = 5.0;
				TARGETED_DEVICE_FAMILY = "1,2";
				TEST_HOST = "$(BUILT_PRODUCTS_DIR)/Hwahae.app/Hwahae";
			};
			name = Release;
		};
		DD6C80BC23C2C29E004AD177 /* Debug */ = {
			isa = XCBuildConfiguration;
			baseConfigurationReference = 87ACDFC61AB6C4517371DD0D /* Pods-Hwahae-HwahaeUITests.debug.xcconfig */;
			buildSettings = {
				ALWAYS_EMBED_SWIFT_STANDARD_LIBRARIES = YES;
				CODE_SIGN_STYLE = Automatic;
				DEVELOPMENT_TEAM = 6U8M4ASV96;
				INFOPLIST_FILE = HwahaeUITests/Info.plist;
				LD_RUNPATH_SEARCH_PATHS = (
					"$(inherited)",
					"@executable_path/Frameworks",
					"@loader_path/Frameworks",
				);
				PRODUCT_BUNDLE_IDENTIFIER = com.hyopangworld.HwahaeUITests;
				PRODUCT_NAME = "$(TARGET_NAME)";
				SWIFT_VERSION = 5.0;
				TARGETED_DEVICE_FAMILY = "1,2";
				TEST_TARGET_NAME = Hwahae;
			};
			name = Debug;
		};
		DD6C80BD23C2C29E004AD177 /* Release */ = {
			isa = XCBuildConfiguration;
			baseConfigurationReference = 43028EA6EE38910508A7B706 /* Pods-Hwahae-HwahaeUITests.release.xcconfig */;
			buildSettings = {
				ALWAYS_EMBED_SWIFT_STANDARD_LIBRARIES = YES;
				CODE_SIGN_STYLE = Automatic;
				DEVELOPMENT_TEAM = 6U8M4ASV96;
				INFOPLIST_FILE = HwahaeUITests/Info.plist;
				LD_RUNPATH_SEARCH_PATHS = (
					"$(inherited)",
					"@executable_path/Frameworks",
					"@loader_path/Frameworks",
				);
				PRODUCT_BUNDLE_IDENTIFIER = com.hyopangworld.HwahaeUITests;
				PRODUCT_NAME = "$(TARGET_NAME)";
				SWIFT_VERSION = 5.0;
				TARGETED_DEVICE_FAMILY = "1,2";
				TEST_TARGET_NAME = Hwahae;
			};
			name = Release;
		};
/* End XCBuildConfiguration section */

/* Begin XCConfigurationList section */
		DD6C808623C2C29C004AD177 /* Build configuration list for PBXProject "Hwahae" */ = {
			isa = XCConfigurationList;
			buildConfigurations = (
				DD6C80B323C2C29E004AD177 /* Debug */,
				DD6C80B423C2C29E004AD177 /* Release */,
			);
			defaultConfigurationIsVisible = 0;
			defaultConfigurationName = Release;
		};
		DD6C80B523C2C29E004AD177 /* Build configuration list for PBXNativeTarget "Hwahae" */ = {
			isa = XCConfigurationList;
			buildConfigurations = (
				DD6C80B623C2C29E004AD177 /* Debug */,
				DD6C80B723C2C29E004AD177 /* Release */,
			);
			defaultConfigurationIsVisible = 0;
			defaultConfigurationName = Release;
		};
		DD6C80B823C2C29E004AD177 /* Build configuration list for PBXNativeTarget "HwahaeTests" */ = {
			isa = XCConfigurationList;
			buildConfigurations = (
				DD6C80B923C2C29E004AD177 /* Debug */,
				DD6C80BA23C2C29E004AD177 /* Release */,
			);
			defaultConfigurationIsVisible = 0;
			defaultConfigurationName = Release;
		};
		DD6C80BB23C2C29E004AD177 /* Build configuration list for PBXNativeTarget "HwahaeUITests" */ = {
			isa = XCConfigurationList;
			buildConfigurations = (
				DD6C80BC23C2C29E004AD177 /* Debug */,
				DD6C80BD23C2C29E004AD177 /* Release */,
			);
			defaultConfigurationIsVisible = 0;
			defaultConfigurationName = Release;
		};
/* End XCConfigurationList section */
	};
	rootObject = DD6C808323C2C29C004AD177 /* Project object */;
}
